
Microsoft Visual Studio Solution File, Format Version 12.00
# Visual Studio Version 17
VisualStudioVersion = 17.13.35828.75
MinimumVisualStudioVersion = 10.0.40219.1
Project("{FAE04EC0-301F-11D3-BF4B-00C04F79EFBC}") = "Lista Circular", "Lista Circular.csproj", "{9D50409D-A291-478C-987C-A000546EEACA}"
EndProject
Project("{FAE04EC0-301F-11D3-BF4B-00C04F79EFBC}") = "TestListaCircular", "..\TestListaCircular\TestListaCircular.csproj", "{C63DE1C0-0649-468C-9CFF-115FFAA16BBB}"
EndProject
Global
	GlobalSection(SolutionConfigurationPlatforms) = preSolution
		Debug|Any CPU = Debug|Any CPU
		Release|Any CPU = Release|Any CPU
	EndGlobalSection
	GlobalSection(ProjectConfigurationPlatforms) = postSolution
		{9D50409D-A291-478C-987C-A000546EEACA}.Debug|Any CPU.ActiveCfg = Debug|Any CPU
		{9D50409D-A291-478C-987C-A000546EEACA}.Debug|Any CPU.Build.0 = Debug|Any CPU
		{9D50409D-A291-478C-987C-A000546EEACA}.Release|Any CPU.ActiveCfg = Release|Any CPU
		{9D50409D-A291-478C-987C-A000546EEACA}.Release|Any CPU.Build.0 = Release|Any CPU
		{C63DE1C0-0649-468C-9CFF-115FFAA16BBB}.Debug|Any CPU.ActiveCfg = Debug|Any CPU
		{C63DE1C0-0649-468C-9CFF-115FFAA16BBB}.Debug|Any CPU.Build.0 = Debug|Any CPU
		{C63DE1C0-0649-468C-9CFF-115FFAA16BBB}.Release|Any CPU.ActiveCfg = Release|Any CPU
		{C63DE1C0-0649-468C-9CFF-115FFAA16BBB}.Release|Any CPU.Build.0 = Release|Any CPU
	EndGlobalSection
	GlobalSection(SolutionProperties) = preSolution
		HideSolutionNode = FALSE
	EndGlobalSection
	GlobalSection(ExtensibilityGlobals) = postSolution
		SolutionGuid = {8BAADE27-F131-4A2E-8E62-B504552C050A}
	EndGlobalSection
EndGlobal
